// !$*UTF8*$!
{
	archiveVersion = 1;
	classes = {
	};
	objectVersion = 50;
	objects = {

/* Begin PBXBuildFile section */
		83DF8FD120E5EAF70075196F /* AppDelegate.swift in Sources */ = {isa = PBXBuildFile; fileRef = 83DF8FD020E5EAF70075196F /* AppDelegate.swift */; };
		83DF8FD320E5EAF70075196F /* ViewController.swift in Sources */ = {isa = PBXBuildFile; fileRef = 83DF8FD220E5EAF70075196F /* ViewController.swift */; };
		83DF8FD520E5EAF90075196F /* Assets.xcassets in Resources */ = {isa = PBXBuildFile; fileRef = 83DF8FD420E5EAF90075196F /* Assets.xcassets */; };
		83DF8FD820E5EAF90075196F /* Main.storyboard in Resources */ = {isa = PBXBuildFile; fileRef = 83DF8FD620E5EAF90075196F /* Main.storyboard */; };
		83DF8FE420E5EAF90075196F /* RGBWellTests.swift in Sources */ = {isa = PBXBuildFile; fileRef = 83DF8FE320E5EAF90075196F /* RGBWellTests.swift */; };
		83DF8FEF20E5EAF90075196F /* RGBWellUITests.swift in Sources */ = {isa = PBXBuildFile; fileRef = 83DF8FEE20E5EAF90075196F /* RGBWellUITests.swift */; };
/* End PBXBuildFile section */

/* Begin PBXContainerItemProxy section */
		83DF8FE020E5EAF90075196F /* PBXContainerItemProxy */ = {
			isa = PBXContainerItemProxy;
			containerPortal = 83DF8FC520E5EAF60075196F /* Project object */;
			proxyType = 1;
			remoteGlobalIDString = 83DF8FCC20E5EAF60075196F;
			remoteInfo = RGBWell;
		};
		83DF8FEB20E5EAF90075196F /* PBXContainerItemProxy */ = {
			isa = PBXContainerItemProxy;
			containerPortal = 83DF8FC520E5EAF60075196F /* Project object */;
			proxyType = 1;
			remoteGlobalIDString = 83DF8FCC20E5EAF60075196F;
			remoteInfo = RGBWell;
		};
/* End PBXContainerItemProxy section */

/* Begin PBXFileReference section */
		83DF8FCD20E5EAF70075196F /* RGBWell.app */ = {isa = PBXFileReference; explicitFileType = wrapper.application; includeInIndex = 0; path = RGBWell.app; sourceTree = BUILT_PRODUCTS_DIR; };
		83DF8FD020E5EAF70075196F /* AppDelegate.swift */ = {isa = PBXFileReference; lastKnownFileType = sourcecode.swift; path = AppDelegate.swift; sourceTree = "<group>"; };
		83DF8FD220E5EAF70075196F /* ViewController.swift */ = {isa = PBXFileReference; lastKnownFileType = sourcecode.swift; path = ViewController.swift; sourceTree = "<group>"; };
		83DF8FD420E5EAF90075196F /* Assets.xcassets */ = {isa = PBXFileReference; lastKnownFileType = folder.assetcatalog; path = Assets.xcassets; sourceTree = "<group>"; };
		83DF8FD720E5EAF90075196F /* Base */ = {isa = PBXFileReference; lastKnownFileType = file.storyboard; name = Base; path = Base.lproj/Main.storyboard; sourceTree = "<group>"; };
		83DF8FD920E5EAF90075196F /* Info.plist */ = {isa = PBXFileReference; lastKnownFileType = text.plist.xml; path = Info.plist; sourceTree = "<group>"; };
		83DF8FDA20E5EAF90075196F /* RGBWell.entitlements */ = {isa = PBXFileReference; lastKnownFileType = text.plist.entitlements; path = RGBWell.entitlements; sourceTree = "<group>"; };
		83DF8FDF20E5EAF90075196F /* RGBWellTests.xctest */ = {isa = PBXFileReference; explicitFileType = wrapper.cfbundle; includeInIndex = 0; path = RGBWellTests.xctest; sourceTree = BUILT_PRODUCTS_DIR; };
		83DF8FE320E5EAF90075196F /* RGBWellTests.swift */ = {isa = PBXFileReference; lastKnownFileType = sourcecode.swift; path = RGBWellTests.swift; sourceTree = "<group>"; };
		83DF8FE520E5EAF90075196F /* Info.plist */ = {isa = PBXFileReference; lastKnownFileType = text.plist.xml; path = Info.plist; sourceTree = "<group>"; };
		83DF8FEA20E5EAF90075196F /* RGBWellUITests.xctest */ = {isa = PBXFileReference; explicitFileType = wrapper.cfbundle; includeInIndex = 0; path = RGBWellUITests.xctest; sourceTree = BUILT_PRODUCTS_DIR; };
		83DF8FEE20E5EAF90075196F /* RGBWellUITests.swift */ = {isa = PBXFileReference; lastKnownFileType = sourcecode.swift; path = RGBWellUITests.swift; sourceTree = "<group>"; };
		83DF8FF020E5EAF90075196F /* Info.plist */ = {isa = PBXFileReference; lastKnownFileType = text.plist.xml; path = Info.plist; sourceTree = "<group>"; };
/* End PBXFileReference section */

/* Begin PBXFrameworksBuildPhase section */
		83DF8FCA20E5EAF60075196F /* Frameworks */ = {
			isa = PBXFrameworksBuildPhase;
			buildActionMask = 2147483647;
			files = (
			);
			runOnlyForDeploymentPostprocessing = 0;
		};
		83DF8FDC20E5EAF90075196F /* Frameworks */ = {
			isa = PBXFrameworksBuildPhase;
			buildActionMask = 2147483647;
			files = (
			);
			runOnlyForDeploymentPostprocessing = 0;
		};
		83DF8FE720E5EAF90075196F /* Frameworks */ = {
			isa = PBXFrameworksBuildPhase;
			buildActionMask = 2147483647;
			files = (
			);
			runOnlyForDeploymentPostprocessing = 0;
		};
/* End PBXFrameworksBuildPhase section */

/* Begin PBXGroup section */
		83DF8FC420E5EAF60075196F = {
			isa = PBXGroup;
			children = (
				83DF8FCF20E5EAF70075196F /* RGBWell */,
				83DF8FE220E5EAF90075196F /* RGBWellTests */,
				83DF8FED20E5EAF90075196F /* RGBWellUITests */,
				83DF8FCE20E5EAF70075196F /* Products */,
			);
			sourceTree = "<group>";
		};
		83DF8FCE20E5EAF70075196F /* Products */ = {
			isa = PBXGroup;
			children = (
				83DF8FCD20E5EAF70075196F /* RGBWell.app */,
				83DF8FDF20E5EAF90075196F /* RGBWellTests.xctest */,
				83DF8FEA20E5EAF90075196F /* RGBWellUITests.xctest */,
			);
			name = Products;
			sourceTree = "<group>";
		};
		83DF8FCF20E5EAF70075196F /* RGBWell */ = {
			isa = PBXGroup;
			children = (
				83DF8FD020E5EAF70075196F /* AppDelegate.swift */,
				83DF8FD220E5EAF70075196F /* ViewController.swift */,
				83DF8FD420E5EAF90075196F /* Assets.xcassets */,
				83DF8FD620E5EAF90075196F /* Main.storyboard */,
				83DF8FD920E5EAF90075196F /* Info.plist */,
				83DF8FDA20E5EAF90075196F /* RGBWell.entitlements */,
			);
			path = RGBWell;
			sourceTree = "<group>";
		};
		83DF8FE220E5EAF90075196F /* RGBWellTests */ = {
			isa = PBXGroup;
			children = (
				83DF8FE320E5EAF90075196F /* RGBWellTests.swift */,
				83DF8FE520E5EAF90075196F /* Info.plist */,
			);
			path = RGBWellTests;
			sourceTree = "<group>";
		};
		83DF8FED20E5EAF90075196F /* RGBWellUITests */ = {
			isa = PBXGroup;
			children = (
				83DF8FEE20E5EAF90075196F /* RGBWellUITests.swift */,
				83DF8FF020E5EAF90075196F /* Info.plist */,
			);
			path = RGBWellUITests;
			sourceTree = "<group>";
		};
/* End PBXGroup section */

/* Begin PBXNativeTarget section */
		83DF8FCC20E5EAF60075196F /* RGBWell */ = {
			isa = PBXNativeTarget;
			buildConfigurationList = 83DF8FF320E5EAF90075196F /* Build configuration list for PBXNativeTarget "RGBWell" */;
			buildPhases = (
				83DF8FC920E5EAF60075196F /* Sources */,
				83DF8FCA20E5EAF60075196F /* Frameworks */,
				83DF8FCB20E5EAF60075196F /* Resources */,
			);
			buildRules = (
			);
			dependencies = (
			);
			name = RGBWell;
			productName = RGBWell;
			productReference = 83DF8FCD20E5EAF70075196F /* RGBWell.app */;
			productType = "com.apple.product-type.application";
		};
		83DF8FDE20E5EAF90075196F /* RGBWellTests */ = {
			isa = PBXNativeTarget;
			buildConfigurationList = 83DF8FF620E5EAF90075196F /* Build configuration list for PBXNativeTarget "RGBWellTests" */;
			buildPhases = (
				83DF8FDB20E5EAF90075196F /* Sources */,
				83DF8FDC20E5EAF90075196F /* Frameworks */,
				83DF8FDD20E5EAF90075196F /* Resources */,
			);
			buildRules = (
			);
			dependencies = (
				83DF8FE120E5EAF90075196F /* PBXTargetDependency */,
			);
			name = RGBWellTests;
			productName = RGBWellTests;
			productReference = 83DF8FDF20E5EAF90075196F /* RGBWellTests.xctest */;
			productType = "com.apple.product-type.bundle.unit-test";
		};
		83DF8FE920E5EAF90075196F /* RGBWellUITests */ = {
			isa = PBXNativeTarget;
			buildConfigurationList = 83DF8FF920E5EAF90075196F /* Build configuration list for PBXNativeTarget "RGBWellUITests" */;
			buildPhases = (
				83DF8FE620E5EAF90075196F /* Sources */,
				83DF8FE720E5EAF90075196F /* Frameworks */,
				83DF8FE820E5EAF90075196F /* Resources */,
			);
			buildRules = (
			);
			dependencies = (
				83DF8FEC20E5EAF90075196F /* PBXTargetDependency */,
			);
			name = RGBWellUITests;
			productName = RGBWellUITests;
			productReference = 83DF8FEA20E5EAF90075196F /* RGBWellUITests.xctest */;
			productType = "com.apple.product-type.bundle.ui-testing";
		};
/* End PBXNativeTarget section */

/* Begin PBXProject section */
		83DF8FC520E5EAF60075196F /* Project object */ = {
			isa = PBXProject;
			attributes = {
				LastSwiftUpdateCheck = 0940;
				LastUpgradeCheck = 0940;
				ORGANIZATIONNAME = Exilant;
				TargetAttributes = {
					83DF8FCC20E5EAF60075196F = {
						CreatedOnToolsVersion = 9.4.1;
					};
					83DF8FDE20E5EAF90075196F = {
						CreatedOnToolsVersion = 9.4.1;
						TestTargetID = 83DF8FCC20E5EAF60075196F;
					};
					83DF8FE920E5EAF90075196F = {
						CreatedOnToolsVersion = 9.4.1;
						TestTargetID = 83DF8FCC20E5EAF60075196F;
					};
				};
			};
			buildConfigurationList = 83DF8FC820E5EAF60075196F /* Build configuration list for PBXProject "RGBWell" */;
			compatibilityVersion = "Xcode 9.3";
			developmentRegion = en;
			hasScannedForEncodings = 0;
			knownRegions = (
				en,
				Base,
			);
			mainGroup = 83DF8FC420E5EAF60075196F;
			productRefGroup = 83DF8FCE20E5EAF70075196F /* Products */;
			projectDirPath = "";
			projectRoot = "";
			targets = (
				83DF8FCC20E5EAF60075196F /* RGBWell */,
				83DF8FDE20E5EAF90075196F /* RGBWellTests */,
				83DF8FE920E5EAF90075196F /* RGBWellUITests */,
			);
		};
/* End PBXProject section */

/* Begin PBXResourcesBuildPhase section */
		83DF8FCB20E5EAF60075196F /* Resources */ = {
			isa = PBXResourcesBuildPhase;
			buildActionMask = 2147483647;
			files = (
				83DF8FD520E5EAF90075196F /* Assets.xcassets in Resources */,
				83DF8FD820E5EAF90075196F /* Main.storyboard in Resources */,
			);
			runOnlyForDeploymentPostprocessing = 0;
		};
		83DF8FDD20E5EAF90075196F /* Resources */ = {
			isa = PBXResourcesBuildPhase;
			buildActionMask = 2147483647;
			files = (
			);
			runOnlyForDeploymentPostprocessing = 0;
		};
		83DF8FE820E5EAF90075196F /* Resources */ = {
			isa = PBXResourcesBuildPhase;
			buildActionMask = 2147483647;
			files = (
			);
			runOnlyForDeploymentPostprocessing = 0;
		};
/* End PBXResourcesBuildPhase section */

/* Begin PBXSourcesBuildPhase section */
		83DF8FC920E5EAF60075196F /* Sources */ = {
			isa = PBXSourcesBuildPhase;
			buildActionMask = 2147483647;
			files = (
				83DF8FD320E5EAF70075196F /* ViewController.swift in Sources */,
				83DF8FD120E5EAF70075196F /* AppDelegate.swift in Sources */,
			);
			runOnlyForDeploymentPostprocessing = 0;
		};
		83DF8FDB20E5EAF90075196F /* Sources */ = {
			isa = PBXSourcesBuildPhase;
			buildActionMask = 2147483647;
			files = (
				83DF8FE420E5EAF90075196F /* RGBWellTests.swift in Sources */,
			);
			runOnlyForDeploymentPostprocessing = 0;
		};
		83DF8FE620E5EAF90075196F /* Sources */ = {
			isa = PBXSourcesBuildPhase;
			buildActionMask = 2147483647;
			files = (
				83DF8FEF20E5EAF90075196F /* RGBWellUITests.swift in Sources */,
			);
			runOnlyForDeploymentPostprocessing = 0;
		};
/* End PBXSourcesBuildPhase section */

/* Begin PBXTargetDependency section */
		83DF8FE120E5EAF90075196F /* PBXTargetDependency */ = {
			isa = PBXTargetDependency;
			target = 83DF8FCC20E5EAF60075196F /* RGBWell */;
			targetProxy = 83DF8FE020E5EAF90075196F /* PBXContainerItemProxy */;
		};
		83DF8FEC20E5EAF90075196F /* PBXTargetDependency */ = {
			isa = PBXTargetDependency;
			target = 83DF8FCC20E5EAF60075196F /* RGBWell */;
			targetProxy = 83DF8FEB20E5EAF90075196F /* PBXContainerItemProxy */;
		};
/* End PBXTargetDependency section */

/* Begin PBXVariantGroup section */
		83DF8FD620E5EAF90075196F /* Main.storyboard */ = {
			isa = PBXVariantGroup;
			children = (
				83DF8FD720E5EAF90075196F /* Base */,
			);
			name = Main.storyboard;
			sourceTree = "<group>";
		};
/* End PBXVariantGroup section */

/* Begin XCBuildConfiguration section */
		83DF8FF120E5EAF90075196F /* Debug */ = {
			isa = XCBuildConfiguration;
			buildSettings = {
				ALWAYS_SEARCH_USER_PATHS = NO;
				CLANG_ANALYZER_NONNULL = YES;
				CLANG_ANALYZER_NUMBER_OBJECT_CONVERSION = YES_AGGRESSIVE;
				CLANG_CXX_LANGUAGE_STANDARD = "gnu++14";
				CLANG_CXX_LIBRARY = "libc++";
				CLANG_ENABLE_MODULES = YES;
				CLANG_ENABLE_OBJC_ARC = YES;
				CLANG_ENABLE_OBJC_WEAK = YES;
				CLANG_WARN_BLOCK_CAPTURE_AUTORELEASING = YES;
				CLANG_WARN_BOOL_CONVERSION = YES;
				CLANG_WARN_COMMA = YES;
				CLANG_WARN_CONSTANT_CONVERSION = YES;
				CLANG_WARN_DEPRECATED_OBJC_IMPLEMENTATIONS = YES;
				CLANG_WARN_DIRECT_OBJC_ISA_USAGE = YES_ERROR;
				CLANG_WARN_DOCUMENTATION_COMMENTS = YES;
				CLANG_WARN_EMPTY_BODY = YES;
				CLANG_WARN_ENUM_CONVERSION = YES;
				CLANG_WARN_INFINITE_RECURSION = YES;
				CLANG_WARN_INT_CONVERSION = YES;
				CLANG_WARN_NON_LITERAL_NULL_CONVERSION = YES;
				CLANG_WARN_OBJC_IMPLICIT_RETAIN_SELF = YES;
				CLANG_WARN_OBJC_LITERAL_CONVERSION = YES;
				CLANG_WARN_OBJC_ROOT_CLASS = YES_ERROR;
				CLANG_WARN_RANGE_LOOP_ANALYSIS = YES;
				CLANG_WARN_STRICT_PROTOTYPES = YES;
				CLANG_WARN_SUSPICIOUS_MOVE = YES;
				CLANG_WARN_UNGUARDED_AVAILABILITY = YES_AGGRESSIVE;
				CLANG_WARN_UNREACHABLE_CODE = YES;
				CLANG_WARN__DUPLICATE_METHOD_MATCH = YES;
				CODE_SIGN_IDENTITY = "-";
				COPY_PHASE_STRIP = NO;
				DEBUG_INFORMATION_FORMAT = dwarf;
				ENABLE_STRICT_OBJC_MSGSEND = YES;
				ENABLE_TESTABILITY = YES;
				GCC_C_LANGUAGE_STANDARD = gnu11;
				GCC_DYNAMIC_NO_PIC = NO;
				GCC_NO_COMMON_BLOCKS = YES;
				GCC_OPTIMIZATION_LEVEL = 0;
				GCC_PREPROCESSOR_DEFINITIONS = (
					"DEBUG=1",
					"$(inherited)",
				);
				GCC_WARN_64_TO_32_BIT_CONVERSION = YES;
				GCC_WARN_ABOUT_RETURN_TYPE = YES_ERROR;
				GCC_WARN_UNDECLARED_SELECTOR = YES;
				GCC_WARN_UNINITIALIZED_AUTOS = YES_AGGRESSIVE;
				GCC_WARN_UNUSED_FUNCTION = YES;
				GCC_WARN_UNUSED_VARIABLE = YES;
				MACOSX_DEPLOYMENT_TARGET = 10.13;
				MTL_ENABLE_DEBUG_INFO = YES;
				ONLY_ACTIVE_ARCH = YES;
				SDKROOT = macosx;
				SWIFT_ACTIVE_COMPILATION_CONDITIONS = DEBUG;
				SWIFT_OPTIMIZATION_LEVEL = "-Onone";
			};
			name = Debug;
		};
		83DF8FF220E5EAF90075196F /* Release */ = {
			isa = XCBuildConfiguration;
			buildSettings = {
				ALWAYS_SEARCH_USER_PATHS = NO;
				CLANG_ANALYZER_NONNULL = YES;
				CLANG_ANALYZER_NUMBER_OBJECT_CONVERSION = YES_AGGRESSIVE;
				CLANG_CXX_LANGUAGE_STANDARD = "gnu++14";
				CLANG_CXX_LIBRARY = "libc++";
				CLANG_ENABLE_MODULES = YES;
				CLANG_ENABLE_OBJC_ARC = YES;
				CLANG_ENABLE_OBJC_WEAK = YES;
				CLANG_WARN_BLOCK_CAPTURE_AUTORELEASING = YES;
				CLANG_WARN_BOOL_CONVERSION = YES;
				CLANG_WARN_COMMA = YES;
				CLANG_WARN_CONSTANT_CONVERSION = YES;
				CLANG_WARN_DEPRECATED_OBJC_IMPLEMENTATIONS = YES;
				CLANG_WARN_DIRECT_OBJC_ISA_USAGE = YES_ERROR;
				CLANG_WARN_DOCUMENTATION_COMMENTS = YES;
				CLANG_WARN_EMPTY_BODY = YES;
				CLANG_WARN_ENUM_CONVERSION = YES;
				CLANG_WARN_INFINITE_RECURSION = YES;
				CLANG_WARN_INT_CONVERSION = YES;
				CLANG_WARN_NON_LITERAL_NULL_CONVERSION = YES;
				CLANG_WARN_OBJC_IMPLICIT_RETAIN_SELF = YES;
				CLANG_WARN_OBJC_LITERAL_CONVERSION = YES;
				CLANG_WARN_OBJC_ROOT_CLASS = YES_ERROR;
				CLANG_WARN_RANGE_LOOP_ANALYSIS = YES;
				CLANG_WARN_STRICT_PROTOTYPES = YES;
				CLANG_WARN_SUSPICIOUS_MOVE = YES;
				CLANG_WARN_UNGUARDED_AVAILABILITY = YES_AGGRESSIVE;
				CLANG_WARN_UNREACHABLE_CODE = YES;
				CLANG_WARN__DUPLICATE_METHOD_MATCH = YES;
				CODE_SIGN_IDENTITY = "-";
				COPY_PHASE_STRIP = NO;
				DEBUG_INFORMATION_FORMAT = "dwarf-with-dsym";
				ENABLE_NS_ASSERTIONS = NO;
				ENABLE_STRICT_OBJC_MSGSEND = YES;
				GCC_C_LANGUAGE_STANDARD = gnu11;
				GCC_NO_COMMON_BLOCKS = YES;
				GCC_WARN_64_TO_32_BIT_CONVERSION = YES;
				GCC_WARN_ABOUT_RETURN_TYPE = YES_ERROR;
				GCC_WARN_UNDECLARED_SELECTOR = YES;
				GCC_WARN_UNINITIALIZED_AUTOS = YES_AGGRESSIVE;
				GCC_WARN_UNUSED_FUNCTION = YES;
				GCC_WARN_UNUSED_VARIABLE = YES;
				MACOSX_DEPLOYMENT_TARGET = 10.13;
				MTL_ENABLE_DEBUG_INFO = NO;
				SDKROOT = macosx;
				SWIFT_COMPILATION_MODE = wholemodule;
				SWIFT_OPTIMIZATION_LEVEL = "-O";
			};
			name = Release;
		};
		83DF8FF420E5EAF90075196F /* Debug */ = {
			isa = XCBuildConfiguration;
			buildSettings = {
				ASSETCATALOG_COMPILER_APPICON_NAME = AppIcon;
				CODE_SIGN_ENTITLEMENTS = RGBWell/RGBWell.entitlements;
				CODE_SIGN_STYLE = Automatic;
				COMBINE_HIDPI_IMAGES = YES;
				INFOPLIST_FILE = RGBWell/Info.plist;
				LD_RUNPATH_SEARCH_PATHS = (
					"$(inherited)",
					"@executable_path/../Frameworks",
				);
				PRODUCT_BUNDLE_IDENTIFIER = com.exilant.RGBWell;
				PRODUCT_NAME = "$(TARGET_NAME)";
				SWIFT_VERSION = 4.0;
			};
			name = Debug;
		};
		83DF8FF520E5EAF90075196F /* Release */ = {
			isa = XCBuildConfiguration;
			buildSettings = {
				ASSETCATALOG_COMPILER_APPICON_NAME = AppIcon;
				CODE_SIGN_ENTITLEMENTS = RGBWell/RGBWell.entitlements;
				CODE_SIGN_STYLE = Automatic;
				COMBINE_HIDPI_IMAGES = YES;
				INFOPLIST_FILE = RGBWell/Info.plist;
				LD_RUNPATH_SEARCH_PATHS = (
					"$(inherited)",
					"@executable_path/../Frameworks",
				);
				PRODUCT_BUNDLE_IDENTIFIER = com.exilant.RGBWell;
				PRODUCT_NAME = "$(TARGET_NAME)";
				SWIFT_VERSION = 4.0;
			};
			name = Release;
		};
		83DF8FF720E5EAF90075196F /* Debug */ = {
			isa = XCBuildConfiguration;
			buildSettings = {
				ALWAYS_EMBED_SWIFT_STANDARD_LIBRARIES = YES;
				BUNDLE_LOADER = "$(TEST_HOST)";
				CODE_SIGN_STYLE = Automatic;
				COMBINE_HIDPI_IMAGES = YES;
				INFOPLIST_FILE = RGBWellTests/Info.plist;
				LD_RUNPATH_SEARCH_PATHS = (
					"$(inherited)",
					"@executable_path/../Frameworks",
					"@loader_path/../Frameworks",
				);
				PRODUCT_BUNDLE_IDENTIFIER = com.exilant.RGBWellTests;
				PRODUCT_NAME = "$(TARGET_NAME)";
				SWIFT_VERSION = 4.0;
				TEST_HOST = "$(BUILT_PRODUCTS_DIR)/RGBWell.app/Contents/MacOS/RGBWell";
			};
			name = Debug;
		};
		83DF8FF820E5EAF90075196F /* Release */ = {
			isa = XCBuildConfiguration;
			buildSettings = {
				ALWAYS_EMBED_SWIFT_STANDARD_LIBRARIES = YES;
				BUNDLE_LOADER = "$(TEST_HOST)";
				CODE_SIGN_STYLE = Automatic;
				COMBINE_HIDPI_IMAGES = YES;
				INFOPLIST_FILE = RGBWellTests/Info.plist;
				LD_RUNPATH_SEARCH_PATHS = (
					"$(inherited)",
					"@executable_path/../Frameworks",
					"@loader_path/../Frameworks",
				);
				PRODUCT_BUNDLE_IDENTIFIER = com.exilant.RGBWellTests;
				PRODUCT_NAME = "$(TARGET_NAME)";
				SWIFT_VERSION = 4.0;
				TEST_HOST = "$(BUILT_PRODUCTS_DIR)/RGBWell.app/Contents/MacOS/RGBWell";
			};
			name = Release;
		};
		83DF8FFA20E5EAF90075196F /* Debug */ = {
			isa = XCBuildConfiguration;
			buildSettings = {
				ALWAYS_EMBED_SWIFT_STANDARD_LIBRARIES = YES;
				CODE_SIGN_STYLE = Automatic;
				COMBINE_HIDPI_IMAGES = YES;
				INFOPLIST_FILE = RGBWellUITests/Info.plist;
				LD_RUNPATH_SEARCH_PATHS = (
					"$(inherited)",
					"@executable_path/../Frameworks",
					"@loader_path/../Frameworks",
				);
				PRODUCT_BUNDLE_IDENTIFIER = com.exilant.RGBWellUITests;
				PRODUCT_NAME = "$(TARGET_NAME)";
				SWIFT_VERSION = 4.0;
				TEST_TARGET_NAME = RGBWell;
			};
			name = Debug;
		};
		83DF8FFB20E5EAF90075196F /* Release */ = {
			isa = XCBuildConfiguration;
			buildSettings = {
				ALWAYS_EMBED_SWIFT_STANDARD_LIBRARIES = YES;
				CODE_SIGN_STYLE = Automatic;
				COMBINE_HIDPI_IMAGES = YES;
				INFOPLIST_FILE = RGBWellUITests/Info.plist;
				LD_RUNPATH_SEARCH_PATHS = (
					"$(inherited)",
					"@executable_path/../Frameworks",
					"@loader_path/../Frameworks",
				);
				PRODUCT_BUNDLE_IDENTIFIER = com.exilant.RGBWellUITests;
				PRODUCT_NAME = "$(TARGET_NAME)";
				SWIFT_VERSION = 4.0;
				TEST_TARGET_NAME = RGBWell;
			};
			name = Release;
		};
/* End XCBuildConfiguration section */

/* Begin XCConfigurationList section */
		83DF8FC820E5EAF60075196F /* Build configuration list for PBXProject "RGBWell" */ = {
			isa = XCConfigurationList;
			buildConfigurations = (
				83DF8FF120E5EAF90075196F /* Debug */,
				83DF8FF220E5EAF90075196F /* Release */,
			);
			defaultConfigurationIsVisible = 0;
			defaultConfigurationName = Release;
		};
		83DF8FF320E5EAF90075196F /* Build configuration list for PBXNativeTarget "RGBWell" */ = {
			isa = XCConfigurationList;
			buildConfigurations = (
				83DF8FF420E5EAF90075196F /* Debug */,
				83DF8FF520E5EAF90075196F /* Release */,
			);
			defaultConfigurationIsVisible = 0;
			defaultConfigurationName = Release;
		};
		83DF8FF620E5EAF90075196F /* Build configuration list for PBXNativeTarget "RGBWellTests" */ = {
			isa = XCConfigurationList;
			buildConfigurations = (
				83DF8FF720E5EAF90075196F /* Debug */,
				83DF8FF820E5EAF90075196F /* Release */,
			);
			defaultConfigurationIsVisible = 0;
			defaultConfigurationName = Release;
		};
		83DF8FF920E5EAF90075196F /* Build configuration list for PBXNativeTarget "RGBWellUITests" */ = {
			isa = XCConfigurationList;
			buildConfigurations = (
				83DF8FFA20E5EAF90075196F /* Debug */,
				83DF8FFB20E5EAF90075196F /* Release */,
			);
			defaultConfigurationIsVisible = 0;
			defaultConfigurationName = Release;
		};
/* End XCConfigurationList section */
	};
	rootObject = 83DF8FC520E5EAF60075196F /* Project object */;
}
